
Microsoft Visual Studio Solution File, Format Version 12.00
# Visual Studio 15
VisualStudioVersion = 15.0.28010.2036
MinimumVisualStudioVersion = 10.0.40219.1
Project("{8BC9CEB8-8B4A-11D0-8D11-00A0C91BC942}") = "HW", "HW\HW.vcxproj", "{16490A6F-886E-4297-85F6-0DED846F07D6}"
EndProject
Global
	GlobalSection(SolutionConfigurationPlatforms) = preSolution
		Debug|x64 = Debug|x64
		Debug|x86 = Debug|x86
		Release|x64 = Release|x64
		Release|x86 = Release|x86
	EndGlobalSection
	GlobalSection(ProjectConfigurationPlatforms) = postSolution
		{16490A6F-886E-4297-85F6-0DED846F07D6}.Debug|x64.ActiveCfg = Debug|x64
		{16490A6F-886E-4297-85F6-0DED846F07D6}.Debug|x64.Build.0 = Debug|x64
		{16490A6F-886E-4297-85F6-0DED846F07D6}.Debug|x86.ActiveCfg = Debug|Win32
		{16490A6F-886E-4297-85F6-0DED846F07D6}.Debug|x86.Build.0 = Debug|Win32
		{16490A6F-886E-4297-85F6-0DED846F07D6}.Release|x64.ActiveCfg = Release|x64
		{16490A6F-886E-4297-85F6-0DED846F07D6}.Release|x64.Build.0 = Release|x64
		{16490A6F-886E-4297-85F6-0DED846F07D6}.Release|x86.ActiveCfg = Release|Win32
		{16490A6F-886E-4297-85F6-0DED846F07D6}.Release|x86.Build.0 = Release|Win32
	EndGlobalSection
	GlobalSection(SolutionProperties) = preSolution
		HideSolutionNode = FALSE
	EndGlobalSection
	GlobalSection(ExtensibilityGlobals) = postSolution
		SolutionGuid = {1358FE31-7561-44DF-8D08-4503777387A2}
	EndGlobalSection
EndGlobal
